Microsoft Visual Studio Solution File, Format Version 12.00
# Visual Studio Version 17
VisualStudioVersion = 17.5.2.0
MinimumVisualStudioVersion = 10.0.40219.1
Project("{FAE04EC0-301F-11D3-BF4B-00C04F79EFBC}") = "Bin_Edu", "Bin_Edu.csproj", "{08654F18-BEC5-ECFC-362A-745A0B6B7698}"
EndProject
Global
	GlobalSection(SolutionConfigurationPlatforms) = preSolution
		Debug|Any CPU = Debug|Any CPU
		Release|Any CPU = Release|Any CPU
	EndGlobalSection
	GlobalSection(ProjectConfigurationPlatforms) = postSolution
		{08654F18-BEC5-ECFC-362A-745A0B6B7698}.Debug|Any CPU.ActiveCfg = Debug|Any CPU
		{08654F18-BEC5-ECFC-362A-745A0B6B7698}.Debug|Any CPU.Build.0 = Debug|Any CPU
		{08654F18-BEC5-ECFC-362A-745A0B6B7698}.Release|Any CPU.ActiveCfg = Release|Any CPU
		{08654F18-BEC5-ECFC-362A-745A0B6B7698}.Release|Any CPU.Build.0 = Release|Any CPU
	EndGlobalSection
	GlobalSection(SolutionProperties) = preSolution
		HideSolutionNode = FALSE
	EndGlobalSection
	GlobalSection(ExtensibilityGlobals) = postSolution
		SolutionGuid = {CC2468DE-AE32-4199-A615-6CA3560647BD}
	EndGlobalSection
EndGlobal
